
Microsoft Visual Studio Solution File, Format Version 12.00
# Visual Studio 14
VisualStudioVersion = 14.0.24720.0
MinimumVisualStudioVersion = 10.0.40219.1
Project("{F2A71F9B-5D33-465A-A702-920D77279786}") = "NeuralNetworking", "NeuralNetworking\NeuralNetworking.fsproj", "{CDD6D0DF-AFEB-40E1-9BC6-AC61E314873A}"
EndProject
Project("{F2A71F9B-5D33-465A-A702-920D77279786}") = "NeuralNetworking.UnitTests", "NeuralNetworking.UnitTests\NeuralNetworking.UnitTests.fsproj", "{72C7763B-0586-4543-9CC8-79748DFD4855}"
EndProject
Global
	GlobalSection(SolutionConfigurationPlatforms) = preSolution
		Debug|Any CPU = Debug|Any CPU
		Release|Any CPU = Release|Any CPU
	EndGlobalSection
	GlobalSection(ProjectConfigurationPlatforms) = postSolution
		{CDD6D0DF-AFEB-40E1-9BC6-AC61E314873A}.Debug|Any CPU.ActiveCfg = Debug|Any CPU
		{CDD6D0DF-AFEB-40E1-9BC6-AC61E314873A}.Debug|Any CPU.Build.0 = Debug|Any CPU
		{CDD6D0DF-AFEB-40E1-9BC6-AC61E314873A}.Release|Any CPU.ActiveCfg = Release|Any CPU
		{CDD6D0DF-AFEB-40E1-9BC6-AC61E314873A}.Release|Any CPU.Build.0 = Release|Any CPU
		{72C7763B-0586-4543-9CC8-79748DFD4855}.Debug|Any CPU.ActiveCfg = Debug|Any CPU
		{72C7763B-0586-4543-9CC8-79748DFD4855}.Debug|Any CPU.Build.0 = Debug|Any CPU
		{72C7763B-0586-4543-9CC8-79748DFD4855}.Release|Any CPU.ActiveCfg = Release|Any CPU
		{72C7763B-0586-4543-9CC8-79748DFD4855}.Release|Any CPU.Build.0 = Release|Any CPU
	EndGlobalSection
	GlobalSection(SolutionProperties) = preSolution
		HideSolutionNode = FALSE
	EndGlobalSection
EndGlobal
